
Microsoft Visual Studio Solution File, Format Version 11.00
# Visual Studio 2010
# SharpDevelop 5.1
Project("{FAE04EC0-301F-11D3-BF4B-00C04F79EFBC}") = "stopwatch", "stopwatch.csproj", "{C13763B8-7DC6-4C4C-A585-5E10AE801EA3}"
EndProject
Global
	GlobalSection(SolutionConfigurationPlatforms) = preSolution
		Debug|Any CPU = Debug|Any CPU
		Release|Any CPU = Release|Any CPU
	EndGlobalSection
	GlobalSection(ProjectConfigurationPlatforms) = postSolution
		{C13763B8-7DC6-4C4C-A585-5E10AE801EA3}.Debug|Any CPU.ActiveCfg = Debug|Any CPU
		{C13763B8-7DC6-4C4C-A585-5E10AE801EA3}.Debug|Any CPU.Build.0 = Debug|Any CPU
		{C13763B8-7DC6-4C4C-A585-5E10AE801EA3}.Release|Any CPU.ActiveCfg = Release|Any CPU
		{C13763B8-7DC6-4C4C-A585-5E10AE801EA3}.Release|Any CPU.Build.0 = Release|Any CPU
	EndGlobalSection
EndGlobal
